
Microsoft Visual Studio Solution File, Format Version 12.00
# Visual Studio 15
VisualStudioVersion = 15.0.27130.0
MinimumVisualStudioVersion = 10.0.40219.1
Project("{FAE04EC0-301F-11D3-BF4B-00C04F79EFBC}") = "Life Game", "Life Game\Life Game.csproj", "{330CD2EA-7FF3-4247-B3EC-079863730F3E}"
EndProject
Project("{54435603-DBB4-11D2-8724-00A0C9A8B90C}") = "Setup", "Setup\Setup.vdproj", "{9EBE51D2-3F99-4194-BEB6-2096824937EB}"
EndProject
Global
	GlobalSection(SolutionConfigurationPlatforms) = preSolution
		Debug|Any CPU = Debug|Any CPU
		Release|Any CPU = Release|Any CPU
	EndGlobalSection
	GlobalSection(ProjectConfigurationPlatforms) = postSolution
		{330CD2EA-7FF3-4247-B3EC-079863730F3E}.Debug|Any CPU.ActiveCfg = Debug|Any CPU
		{330CD2EA-7FF3-4247-B3EC-079863730F3E}.Debug|Any CPU.Build.0 = Debug|Any CPU
		{330CD2EA-7FF3-4247-B3EC-079863730F3E}.Release|Any CPU.ActiveCfg = Release|Any CPU
		{330CD2EA-7FF3-4247-B3EC-079863730F3E}.Release|Any CPU.Build.0 = Release|Any CPU
		{9EBE51D2-3F99-4194-BEB6-2096824937EB}.Debug|Any CPU.ActiveCfg = Debug
		{9EBE51D2-3F99-4194-BEB6-2096824937EB}.Release|Any CPU.ActiveCfg = Release
	EndGlobalSection
	GlobalSection(SolutionProperties) = preSolution
		HideSolutionNode = FALSE
	EndGlobalSection
	GlobalSection(ExtensibilityGlobals) = postSolution
		SolutionGuid = {391346FE-7097-4BA0-9B6A-7B589437D228}
	EndGlobalSection
EndGlobal
